
Microsoft Visual Studio Solution File, Format Version 12.00
# Visual Studio Version 17
VisualStudioVersion = 17.9.34723.18
MinimumVisualStudioVersion = 10.0.40219.1
Project("{FAE04EC0-301F-11D3-BF4B-00C04F79EFBC}") = "TP2", "TP2.csproj", "{2771AA61-7E7C-4C0C-86D0-1B72003858E3}"
EndProject
Project("{FAE04EC0-301F-11D3-BF4B-00C04F79EFBC}") = "negocio", "..\negocio\negocio.csproj", "{A4B8DA7C-31FD-4E88-BEBB-15EE5D1ACA57}"
EndProject
Project("{FAE04EC0-301F-11D3-BF4B-00C04F79EFBC}") = "dominio", "..\dominio\dominio.csproj", "{8682CEE3-1146-47E4-84E7-0D84307CA905}"
EndProject
Global
	GlobalSection(SolutionConfigurationPlatforms) = preSolution
		Debug|Any CPU = Debug|Any CPU
		Release|Any CPU = Release|Any CPU
	EndGlobalSection
	GlobalSection(ProjectConfigurationPlatforms) = postSolution
		{2771AA61-7E7C-4C0C-86D0-1B72003858E3}.Debug|Any CPU.ActiveCfg = Debug|Any CPU
		{2771AA61-7E7C-4C0C-86D0-1B72003858E3}.Debug|Any CPU.Build.0 = Debug|Any CPU
		{2771AA61-7E7C-4C0C-86D0-1B72003858E3}.Release|Any CPU.ActiveCfg = Release|Any CPU
		{2771AA61-7E7C-4C0C-86D0-1B72003858E3}.Release|Any CPU.Build.0 = Release|Any CPU
		{A4B8DA7C-31FD-4E88-BEBB-15EE5D1ACA57}.Debug|Any CPU.ActiveCfg = Debug|Any CPU
		{A4B8DA7C-31FD-4E88-BEBB-15EE5D1ACA57}.Debug|Any CPU.Build.0 = Debug|Any CPU
		{A4B8DA7C-31FD-4E88-BEBB-15EE5D1ACA57}.Release|Any CPU.ActiveCfg = Release|Any CPU
		{A4B8DA7C-31FD-4E88-BEBB-15EE5D1ACA57}.Release|Any CPU.Build.0 = Release|Any CPU
		{8682CEE3-1146-47E4-84E7-0D84307CA905}.Debug|Any CPU.ActiveCfg = Debug|Any CPU
		{8682CEE3-1146-47E4-84E7-0D84307CA905}.Debug|Any CPU.Build.0 = Debug|Any CPU
		{8682CEE3-1146-47E4-84E7-0D84307CA905}.Release|Any CPU.ActiveCfg = Release|Any CPU
		{8682CEE3-1146-47E4-84E7-0D84307CA905}.Release|Any CPU.Build.0 = Release|Any CPU
	EndGlobalSection
	GlobalSection(SolutionProperties) = preSolution
		HideSolutionNode = FALSE
	EndGlobalSection
	GlobalSection(ExtensibilityGlobals) = postSolution
		SolutionGuid = {368AADC2-C9F3-4F5D-A77E-9865C6B7DE92}
	EndGlobalSection
EndGlobal
